
Microsoft Visual Studio Solution File, Format Version 12.00
# Visual Studio 15
VisualStudioVersion = 15.0.28010.2046
MinimumVisualStudioVersion = 10.0.40219.1
Project("{FAE04EC0-301F-11D3-BF4B-00C04F79EFBC}") = "TextEdit", "TextEdit\TextEdit.csproj", "{C5D3ADE7-7129-430B-8074-0AE1A8DCC27F}"
EndProject
Global
	GlobalSection(SolutionConfigurationPlatforms) = preSolution
		Debug|Any CPU = Debug|Any CPU
		Release|Any CPU = Release|Any CPU
	EndGlobalSection
	GlobalSection(ProjectConfigurationPlatforms) = postSolution
		{C5D3ADE7-7129-430B-8074-0AE1A8DCC27F}.Debug|Any CPU.ActiveCfg = Debug|Any CPU
		{C5D3ADE7-7129-430B-8074-0AE1A8DCC27F}.Debug|Any CPU.Build.0 = Debug|Any CPU
		{C5D3ADE7-7129-430B-8074-0AE1A8DCC27F}.Release|Any CPU.ActiveCfg = Release|Any CPU
		{C5D3ADE7-7129-430B-8074-0AE1A8DCC27F}.Release|Any CPU.Build.0 = Release|Any CPU
	EndGlobalSection
	GlobalSection(SolutionProperties) = preSolution
		HideSolutionNode = FALSE
	EndGlobalSection
	GlobalSection(ExtensibilityGlobals) = postSolution
		SolutionGuid = {D2391A91-6834-40B4-ABF7-AB97449A4B3A}
	EndGlobalSection
EndGlobal
